
Microsoft Visual Studio Solution File, Format Version 12.00
Project("{FAE04EC0-301F-11D3-BF4B-00C04F79EFBC}") = "MauiApp1", "MauiApp1\MauiApp1.csproj", "{21E058B5-93E6-474B-9645-77E2070C048C}"
EndProject
Global
	GlobalSection(SolutionConfigurationPlatforms) = preSolution
		Debug|Any CPU = Debug|Any CPU
		Release|Any CPU = Release|Any CPU
	EndGlobalSection
	GlobalSection(ProjectConfigurationPlatforms) = postSolution
		{21E058B5-93E6-474B-9645-77E2070C048C}.Debug|Any CPU.ActiveCfg = Debug|Any CPU
		{21E058B5-93E6-474B-9645-77E2070C048C}.Debug|Any CPU.Build.0 = Debug|Any CPU
		{21E058B5-93E6-474B-9645-77E2070C048C}.Release|Any CPU.ActiveCfg = Release|Any CPU
		{21E058B5-93E6-474B-9645-77E2070C048C}.Release|Any CPU.Build.0 = Release|Any CPU
	EndGlobalSection
EndGlobal
